{
  "version": 4,
  "terraform_version": "1.12.2",
  "serial": 19,
  "lineage": "9fc8eade-c1c1-e276-033a-420682fa8e6b",
  "outputs": {},
  "resources": [
    {
      "mode": "data",
      "type": "azurerm_private_dns_zone",
      "name": "aks_dns_zone",
      "provider": "provider[\"registry.terraform.io/hashicorp/azurerm\"]",
      "instances": [
        {
          "schema_version": 0,
          "attributes": {
            "id": "/subscriptions/ef0a94be-5750-4ef8-944b-1bbc0cdda800/resourceGroups/chi2zb1rsgopenfcdnscrit001/providers/Microsoft.Network/privateDnsZones/privatelink.brazilsouth.azmk8s.io",
            "max_number_of_record_sets": 25000,
            "max_number_of_virtual_network_links": 1000,
            "max_number_of_virtual_network_links_with_registration": 100,
            "name": "privatelink.brazilsouth.azmk8s.io",
            "number_of_record_sets": 1,
            "resource_group_name": "chi2zb1rsgopenfcdnscrit001",
            "tags": {},
            "timeouts": null
          },
          "sensitive_attributes": [],
          "identity_schema_version": 0
        }
      ]
    },
    {
      "mode": "data",
      "type": "azurerm_resource_group",
      "name": "main",
      "provider": "provider[\"registry.terraform.io/hashicorp/azurerm\"]",
      "instances": [
        {
          "schema_version": 0,
          "attributes": {
            "id": "/subscriptions/ef0a94be-5750-4ef8-944b-1bbc0cdda800/resourceGroups/chi2zb1rsgopenfccrit001",
            "location": "brazilsouth",
            "managed_by": "",
            "name": "chi2zb1rsgopenfccrit001",
            "tags": {},
            "timeouts": null
          },
          "sensitive_attributes": [],
          "identity_schema_version": 0
        }
      ]
    },
    {
      "mode": "data",
      "type": "azurerm_subnet",
      "name": "aks_subnet",
      "provider": "provider[\"registry.terraform.io/hashicorp/azurerm\"]",
      "instances": [
        {
          "schema_version": 0,
          "attributes": {
            "address_prefix": "10.0.1.0/24",
            "address_prefixes": [
              "10.0.1.0/24"
            ],
            "enforce_private_link_endpoint_network_policies": false,
            "enforce_private_link_service_network_policies": false,
            "id": "/subscriptions/ef0a94be-5750-4ef8-944b-1bbc0cdda800/resourceGroups/chi2zb1rsgopenfcnetcrit001/providers/Microsoft.Network/virtualNetworks/chi2zb1vntopenfccrit001/subnets/snet-chi2zb1aksopenfc",
            "name": "snet-chi2zb1aksopenfc",
            "network_security_group_id": "",
            "private_endpoint_network_policies_enabled": true,
            "private_link_service_network_policies_enabled": true,
            "resource_group_name": "chi2zb1rsgopenfcnetcrit001",
            "route_table_id": "",
            "service_endpoints": [],
            "timeouts": null,
            "virtual_network_name": "chi2zb1vntopenfccrit001"
          },
          "sensitive_attributes": [],
          "identity_schema_version": 0
        }
      ]
    },
    {
      "module": "module.aks",
      "mode": "data",
      "type": "azurerm_eventhub_namespace_authorization_rule",
      "name": "mds_aeh",
      "provider": "provider[\"registry.terraform.io/hashicorp/azurerm\"]",
      "instances": []
    },
    {
      "module": "module.aks",
      "mode": "data",
      "type": "azurerm_log_analytics_workspace",
      "name": "lwk_principal",
      "provider": "provider[\"registry.terraform.io/hashicorp/azurerm\"]",
      "instances": []
    },
    {
      "module": "module.aks",
      "mode": "data",
      "type": "azurerm_resource_group",
      "name": "rsg_principal",
      "provider": "provider[\"registry.terraform.io/hashicorp/azurerm\"]",
      "instances": [
        {
          "schema_version": 0,
          "attributes": {
            "id": "/subscriptions/ef0a94be-5750-4ef8-944b-1bbc0cdda800/resourceGroups/chi2zb1rsgopenfccrit001",
            "location": "brazilsouth",
            "managed_by": "",
            "name": "chi2zb1rsgopenfccrit001",
            "tags": {},
            "timeouts": null
          },
          "sensitive_attributes": [],
          "identity_schema_version": 0
        }
      ]
    },
    {
      "module": "module.aks",
      "mode": "data",
      "type": "azurerm_storage_account",
      "name": "mds_sta",
      "provider": "provider[\"registry.terraform.io/hashicorp/azurerm\"]",
      "instances": []
    },
    {
      "module": "module.aks",
      "mode": "managed",
      "type": "azurerm_key_vault",
      "name": "akv_sa",
      "provider": "provider[\"registry.terraform.io/hashicorp/azurerm\"]",
      "instances": [
        {
          "schema_version": 2,
          "attributes": {
            "access_policy": [
              {
                "application_id": "",
                "certificate_permissions": [
                  "Get",
                  "List",
                  "Delete",
                  "Create",
                  "Import",
                  "Update",
                  "ManageContacts",
                  "GetIssuers",
                  "ListIssuers",
                  "SetIssuers",
                  "DeleteIssuers",
                  "ManageIssuers",
                  "Recover",
                  "Purge",
                  "Backup",
                  "Restore"
                ],
                "key_permissions": [
                  "Encrypt",
                  "Decrypt",
                  "WrapKey",
                  "UnwrapKey",
                  "Sign",
                  "Verify",
                  "Get",
                  "List",
                  "Create",
                  "Update",
                  "Import",
                  "Delete",
                  "Backup",
                  "Restore",
                  "Recover",
                  "Purge",
                  "SetRotationPolicy",
                  "GetRotationPolicy",
                  "Rotate"
                ],
                "object_id": "f0422a6e-7801-4c39-87d3-bdb9ea0e80f9",
                "secret_permissions": [
                  "Get",
                  "List",
                  "Set",
                  "Delete",
                  "Backup",
                  "Restore",
                  "Recover",
                  "Purge"
                ],
                "storage_permissions": [
                  "Get",
                  "List",
                  "Delete",
                  "Set",
                  "Update",
                  "RegenerateKey",
                  "Recover",
                  "Purge",
                  "Backup",
                  "Restore",
                  "SetSAS",
                  "ListSAS",
                  "GetSAS",
                  "DeleteSAS"
                ],
                "tenant_id": "fe6c41e5-a3e4-4d16-82df-1b33029102eb"
              }
            ],
            "contact": [],
            "enable_rbac_authorization": false,
            "enabled_for_deployment": false,
            "enabled_for_disk_encryption": true,
            "enabled_for_template_deployment": true,
            "id": "/subscriptions/ef0a94be-5750-4ef8-944b-1bbc0cdda800/resourceGroups/chi2zb1rsgopenfccrit001/providers/Microsoft.KeyVault/vaults/chli2zb1akvopenfccrit001",
            "location": "brazilsouth",
            "name": "chli2zb1akvopenfccrit001",
            "network_acls": [
              {
                "bypass": "AzureServices",
                "default_action": "Deny",
                "ip_rules": [
                  "146.112.0.0/16",
                  "151.186.0.0/16",
                  "155.190.0.0/16",
                  "162.10.128.0/17",
                  "180.102.104.0/21",
                  "180.156.105.0/24",
                  "193.127.177.0/24",
                  "193.127.193.44/32",
                  "193.127.193.53/32",
                  "193.127.195.0/24",
                  "193.127.200.187/32",
                  "193.127.200.188/32",
                  "193.127.200.35/32",
                  "193.127.200.36/32",
                  "193.127.200.41/32",
                  "193.127.200.42/32",
                  "193.127.207.148/32",
                  "193.127.207.149/32",
                  "193.127.207.151/32",
                  "193.127.207.152/32",
                  "193.127.207.153/32",
                  "193.127.207.156/32",
                  "193.127.207.173/32",
                  "193.127.207.183/32",
                  "193.127.207.245/32",
                  "193.127.217.10/32",
                  "193.127.229.35/32",
                  "195.149.215.221/32",
                  "195.149.215.225/32",
                  "195.149.215.232/32",
                  "195.149.215.235/32",
                  "195.149.215.238/32",
                  "195.149.215.60/32",
                  "195.149.215.61/32",
                  "195.23.40.192/28",
                  "20.105.209.72/32",
                  "24.206.64.0/18",
                  "24.239.128.0/17",
                  "40.114.160.224/28",
                  "51.105.242.66/32",
                  "51.138.73.204/32",
                  "52.146.139.220/32"
                ],
                "virtual_network_subnet_ids": []
              }
            ],
            "public_network_access_enabled": true,
            "purge_protection_enabled": true,
            "resource_group_name": "chi2zb1rsgopenfccrit001",
            "sku_name": "premium",
            "soft_delete_retention_days": 90,
            "tags": {
              "APM_functional": "open-finance-backend",
              "CIA": "CLL",
              "Cost Center": "OF-2025-PRE",
              "Product": "Open Finance",
              "hidden-deploy": "curated",
              "shared_costs": "No"
            },
            "tenant_id": "fe6c41e5-a3e4-4d16-82df-1b33029102eb",
            "timeouts": null,
            "vault_uri": "https://chli2zb1akvopenfccrit001.vault.azure.net/"
          },
          "sensitive_attributes": [],
          "identity_schema_version": 0,
          "private": "eyJlMmJmYjczMC1lY2FhLTExZTYtOGY4OC0zNDM2M2JjN2M0YzAiOnsiY3JlYXRlIjoxODAwMDAwMDAwMDAwLCJkZWxldGUiOjE4MDAwMDAwMDAwMDAsInJlYWQiOjMwMDAwMDAwMDAwMCwidXBkYXRlIjoxODAwMDAwMDAwMDAwfSwic2NoZW1hX3ZlcnNpb24iOiIyIn0=",
          "dependencies": [
            "data.azurerm_resource_group.main",
            "module.aks.data.azurerm_resource_group.rsg_principal",
            "module.aks.module.tags.data.azurerm_resource_group.rsg_principal"
          ]
        }
      ]
    },
    {
      "module": "module.aks",
      "mode": "managed",
      "type": "azurerm_key_vault_access_policy",
      "name": "kvt_access_policy",
      "provider": "provider[\"registry.terraform.io/hashicorp/azurerm\"]",
      "instances": [
        {
          "index_key": 0,
          "schema_version": 0,
          "attributes": {
            "application_id": "",
            "certificate_permissions": [
              "Get",
              "List",
              "Delete",
              "Create",
              "Import",
              "Update",
              "ManageContacts",
              "GetIssuers",
              "ListIssuers",
              "SetIssuers",
              "DeleteIssuers",
              "ManageIssuers",
              "Recover",
              "Purge",
              "Backup",
              "Restore"
            ],
            "id": "/subscriptions/ef0a94be-5750-4ef8-944b-1bbc0cdda800/resourceGroups/chi2zb1rsgopenfccrit001/providers/Microsoft.KeyVault/vaults/chli2zb1akvopenfccrit001/objectId/f0422a6e-7801-4c39-87d3-bdb9ea0e80f9",
            "key_permissions": [
              "Encrypt",
              "Decrypt",
              "WrapKey",
              "UnwrapKey",
              "Sign",
              "Verify",
              "Get",
              "List",
              "Create",
              "Update",
              "Import",
              "Delete",
              "Backup",
              "Restore",
              "Recover",
              "Purge",
              "SetRotationPolicy",
              "GetRotationPolicy",
              "Rotate"
            ],
            "key_vault_id": "/subscriptions/ef0a94be-5750-4ef8-944b-1bbc0cdda800/resourceGroups/chi2zb1rsgopenfccrit001/providers/Microsoft.KeyVault/vaults/chli2zb1akvopenfccrit001",
            "object_id": "f0422a6e-7801-4c39-87d3-bdb9ea0e80f9",
            "secret_permissions": [
              "Get",
              "List",
              "Set",
              "Delete",
              "Backup",
              "Restore",
              "Recover",
              "Purge"
            ],
            "storage_permissions": [
              "Get",
              "List",
              "Delete",
              "Set",
              "Update",
              "RegenerateKey",
              "Recover",
              "Purge",
              "Backup",
              "Restore",
              "SetSAS",
              "ListSAS",
              "GetSAS",
              "DeleteSAS"
            ],
            "tenant_id": "fe6c41e5-a3e4-4d16-82df-1b33029102eb",
            "timeouts": null
          },
          "sensitive_attributes": [],
          "identity_schema_version": 0,
          "private": "eyJlMmJmYjczMC1lY2FhLTExZTYtOGY4OC0zNDM2M2JjN2M0YzAiOnsiY3JlYXRlIjoxODAwMDAwMDAwMDAwLCJkZWxldGUiOjE4MDAwMDAwMDAwMDAsInJlYWQiOjMwMDAwMDAwMDAwMCwidXBkYXRlIjoxODAwMDAwMDAwMDAwfX0=",
          "dependencies": [
            "data.azurerm_resource_group.main",
            "module.aks.azurerm_key_vault.akv_sa",
            "module.aks.data.azurerm_resource_group.rsg_principal",
            "module.aks.module.tags.data.azurerm_resource_group.rsg_principal"
          ]
        }
      ]
    },
    {
      "module": "module.aks",
      "mode": "managed",
      "type": "azurerm_monitor_diagnostic_setting",
      "name": "law",
      "provider": "provider[\"registry.terraform.io/hashicorp/azurerm\"]",
      "instances": [
        {
          "index_key": 0,
          "schema_version": 0,
          "attributes": {
            "enabled_log": [
              {
                "category": "AuditEvent",
                "category_group": "",
                "retention_policy": [
                  {
                    "days": 0,
                    "enabled": false
                  }
                ]
              },
              {
                "category": "AzurePolicyEvaluationDetails",
                "category_group": "",
                "retention_policy": [
                  {
                    "days": 0,
                    "enabled": false
                  }
                ]
              }
            ],
            "eventhub_authorization_rule_id": "",
            "eventhub_name": "",
            "id": "/subscriptions/ef0a94be-5750-4ef8-944b-1bbc0cdda800/resourceGroups/chi2zb1rsgopenfccrit001/providers/Microsoft.KeyVault/vaults/chli2zb1akvopenfccrit001|chi2zb1aksopenfccrit001-dgm",
            "log": [
              {
                "category": "AuditEvent",
                "category_group": "",
                "enabled": true,
                "retention_policy": [
                  {
                    "days": 0,
                    "enabled": false
                  }
                ]
              },
              {
                "category": "AzurePolicyEvaluationDetails",
                "category_group": "",
                "enabled": true,
                "retention_policy": [
                  {
                    "days": 0,
                    "enabled": false
                  }
                ]
              }
            ],
            "log_analytics_destination_type": "AzureDiagnostics",
            "log_analytics_workspace_id": "/subscriptions/ef0a94be-5750-4ef8-944b-1bbc0cdda800/resourceGroups/chi2zb1rsgopenfccrit001/providers/Microsoft.OperationalInsights/workspaces/chi2zb1lwkopenfccrit001",
            "metric": [
              {
                "category": "AllMetrics",
                "enabled": true,
                "retention_policy": [
                  {
                    "days": 0,
                    "enabled": false
                  }
                ]
              }
            ],
            "name": "chi2zb1aksopenfccrit001-dgm",
            "partner_solution_id": null,
            "storage_account_id": null,
            "target_resource_id": "/subscriptions/ef0a94be-5750-4ef8-944b-1bbc0cdda800/resourceGroups/chi2zb1rsgopenfccrit001/providers/Microsoft.KeyVault/vaults/chli2zb1akvopenfccrit001",
            "timeouts": null
          },
          "sensitive_attributes": [],
          "identity_schema_version": 0,
          "private": "eyJlMmJmYjczMC1lY2FhLTExZTYtOGY4OC0zNDM2M2JjN2M0YzAiOnsiY3JlYXRlIjoxODAwMDAwMDAwMDAwLCJkZWxldGUiOjM2MDAwMDAwMDAwMDAsInJlYWQiOjMwMDAwMDAwMDAwMCwidXBkYXRlIjoxODAwMDAwMDAwMDAwfX0=",
          "dependencies": [
            "data.azurerm_resource_group.main",
            "module.aks.azurerm_key_vault.akv_sa",
            "module.aks.data.azurerm_eventhub_namespace_authorization_rule.mds_aeh",
            "module.aks.data.azurerm_log_analytics_workspace.lwk_principal",
            "module.aks.data.azurerm_monitor_diagnostic_categories.akv",
            "module.aks.data.azurerm_resource_group.rsg_principal",
            "module.aks.data.azurerm_storage_account.mds_sta",
            "module.aks.module.tags.data.azurerm_resource_group.rsg_principal"
          ]
        }
      ]
    },
    {
      "module": "module.aks",
      "mode": "managed",
      "type": "azurerm_role_assignment",
      "name": "kv_role_assignment",
      "provider": "provider[\"registry.terraform.io/hashicorp/azurerm\"]",
      "instances": []
    },
    {
      "module": "module.aks.module.tags",
      "mode": "data",
      "type": "azurerm_resource_group",
      "name": "rsg_principal",
      "provider": "provider[\"registry.terraform.io/hashicorp/azurerm\"]",
      "instances": [
        {
          "index_key": 0,
          "schema_version": 0,
          "attributes": {
            "id": "/subscriptions/ef0a94be-5750-4ef8-944b-1bbc0cdda800/resourceGroups/chi2zb1rsgopenfccrit001",
            "location": "brazilsouth",
            "managed_by": "",
            "name": "chi2zb1rsgopenfccrit001",
            "tags": {},
            "timeouts": null
          },
          "sensitive_attributes": [],
          "identity_schema_version": 0
        }
      ]
    }
  ],
  "check_results": [
    {
      "object_kind": "var",
      "config_addr": "module.aks.module.tags.var.cia",
      "status": "pass",
      "objects": [
        {
          "object_addr": "module.aks.module.tags.var.cia",
          "status": "pass"
        }
      ]
    },
    {
      "object_kind": "var",
      "config_addr": "module.aks.var.cia",
      "status": "pass",
      "objects": [
        {
          "object_addr": "module.aks.var.cia",
          "status": "pass"
        }
      ]
    },
    {
      "object_kind": "var",
      "config_addr": "module.aks.var.shared_costs",
      "status": "pass",
      "objects": [
        {
          "object_addr": "module.aks.var.shared_costs",
          "status": "pass"
        }
      ]
    },
    {
      "object_kind": "var",
      "config_addr": "module.aks.module.tags.var.shared_costs",
      "status": "pass",
      "objects": [
        {
          "object_addr": "module.aks.module.tags.var.shared_costs",
          "status": "pass"
        }
      ]
    }
  ]
}
