{
  "version": 4,
  "terraform_version": "1.12.2",
  "serial": 9,
  "lineage": "eb2ad151-90f5-d6bb-22e4-b3ed8b083c96",
  "outputs": {
    "dns_resource_group_name": {
      "value": "chi2zb1rsgopenfcdnscrit001",
      "type": "string"
    },
    "key_vault_name": {
      "value": "kv-chi2zb1openfccrit001",
      "type": "string"
    },
    "log_analytics_workspace_name": {
      "value": "chi2zb1lwkopenfccrit001",
      "type": "string"
    },
    "main_resource_group_name": {
      "value": "chi2zb1rsgopenfccrit001",
      "type": "string"
    },
    "network_resource_group_name": {
      "value": "chi2zb1rsgopenfcnetcrit001",
      "type": "string"
    },
    "private_dns_zone_name": {
      "value": "privatelink.brazilsouth.azmk8s.io",
      "type": "string"
    },
    "subnet_name": {
      "value": "snet-chi2zb1aksopenfc",
      "type": "string"
    },
    "vnet_name": {
      "value": "chi2zb1vntopenfccrit001",
      "type": "string"
    }
  },
  "resources": [
    {
      "mode": "data",
      "type": "azurerm_client_config",
      "name": "current",
      "provider": "provider[\"registry.terraform.io/hashicorp/azurerm\"]",
      "instances": [
        {
          "schema_version": 0,
          "attributes": {
            "client_id": "04b07795-8ddb-461a-bbee-02f9e1bf7b46",
            "id": "Y2xpZW50Q29uZmlncy9jbGllbnRJZD0wNGIwNzc5NS04ZGRiLTQ2MWEtYmJlZS0wMmY5ZTFiZjdiNDY7b2JqZWN0SWQ9ZjA0MjJhNmUtNzgwMS00YzM5LTg3ZDMtYmRiOWVhMGU4MGY5O3N1YnNjcmlwdGlvbklkPWVmMGE5NGJlLTU3NTAtNGVmOC05NDRiLTFiYmMwY2RkYTgwMDt0ZW5hbnRJZD1mZTZjNDFlNS1hM2U0LTRkMTYtODJkZi0xYjMzMDI5MTAyZWI=",
            "object_id": "f0422a6e-7801-4c39-87d3-bdb9ea0e80f9",
            "subscription_id": "ef0a94be-5750-4ef8-944b-1bbc0cdda800",
            "tenant_id": "fe6c41e5-a3e4-4d16-82df-1b33029102eb",
            "timeouts": null
          },
          "sensitive_attributes": [],
          "identity_schema_version": 0
        }
      ]
    },
    {
      "mode": "managed",
      "type": "azurerm_key_vault",
      "name": "main",
      "provider": "provider[\"registry.terraform.io/hashicorp/azurerm\"]",
      "instances": [
        {
          "schema_version": 2,
          "attributes": {
            "access_policy": [
              {
                "application_id": "",
                "certificate_permissions": null,
                "key_permissions": [
                  "Get",
                  "List",
                  "Create",
                  "Delete",
                  "Update",
                  "Recover"
                ],
                "object_id": "f0422a6e-7801-4c39-87d3-bdb9ea0e80f9",
                "secret_permissions": [
                  "Get",
                  "List",
                  "Set",
                  "Delete",
                  "Recover"
                ],
                "storage_permissions": null,
                "tenant_id": "fe6c41e5-a3e4-4d16-82df-1b33029102eb"
              }
            ],
            "contact": [],
            "enable_rbac_authorization": false,
            "enabled_for_deployment": false,
            "enabled_for_disk_encryption": false,
            "enabled_for_template_deployment": false,
            "id": "/subscriptions/ef0a94be-5750-4ef8-944b-1bbc0cdda800/resourceGroups/chi2zb1rsgopenfccrit001/providers/Microsoft.KeyVault/vaults/kv-chi2zb1openfccrit001",
            "location": "brazilsouth",
            "name": "kv-chi2zb1openfccrit001",
            "network_acls": [
              {
                "bypass": "AzureServices",
                "default_action": "Allow",
                "ip_rules": [],
                "virtual_network_subnet_ids": []
              }
            ],
            "public_network_access_enabled": true,
            "purge_protection_enabled": false,
            "resource_group_name": "chi2zb1rsgopenfccrit001",
            "sku_name": "standard",
            "soft_delete_retention_days": 7,
            "tags": null,
            "tenant_id": "fe6c41e5-a3e4-4d16-82df-1b33029102eb",
            "timeouts": null,
            "vault_uri": "https://kv-chi2zb1openfccrit001.vault.azure.net/"
          },
          "sensitive_attributes": [],
          "identity_schema_version": 0,
          "private": "eyJlMmJmYjczMC1lY2FhLTExZTYtOGY4OC0zNDM2M2JjN2M0YzAiOnsiY3JlYXRlIjoxODAwMDAwMDAwMDAwLCJkZWxldGUiOjE4MDAwMDAwMDAwMDAsInJlYWQiOjMwMDAwMDAwMDAwMCwidXBkYXRlIjoxODAwMDAwMDAwMDAwfSwic2NoZW1hX3ZlcnNpb24iOiIyIn0=",
          "dependencies": [
            "azurerm_resource_group.main",
            "data.azurerm_client_config.current"
          ]
        }
      ]
    },
    {
      "mode": "managed",
      "type": "azurerm_log_analytics_workspace",
      "name": "main",
      "provider": "provider[\"registry.terraform.io/hashicorp/azurerm\"]",
      "instances": [
        {
          "schema_version": 3,
          "attributes": {
            "allow_resource_only_permissions": true,
            "cmk_for_query_forced": false,
            "daily_quota_gb": -1,
            "data_collection_rule_id": "",
            "id": "/subscriptions/ef0a94be-5750-4ef8-944b-1bbc0cdda800/resourceGroups/chi2zb1rsgopenfccrit001/providers/Microsoft.OperationalInsights/workspaces/chi2zb1lwkopenfccrit001",
            "identity": [],
            "immediate_data_purge_on_30_days_enabled": false,
            "internet_ingestion_enabled": true,
            "internet_query_enabled": true,
            "local_authentication_disabled": false,
            "location": "brazilsouth",
            "name": "chi2zb1lwkopenfccrit001",
            "primary_shared_key": "MZNlxEXprDtiuMEyxevHMsqulvWjGALwteEp/tGuAHWPjJ4g2fypnQKiQtOsLs/+oPG2UgoTi9puQgyibkfXJQ==",
            "reservation_capacity_in_gb_per_day": null,
            "resource_group_name": "chi2zb1rsgopenfccrit001",
            "retention_in_days": 30,
            "secondary_shared_key": "j0ZFU7YeA5BVACAhnaB1cMQmXybCR88E3EdT5wYdrrm/DvYvhqhB07DFyqAI+QOldr4XMz9CnDVsj93nwYGuEQ==",
            "sku": "PerGB2018",
            "tags": null,
            "timeouts": null,
            "workspace_id": "046abc96-fb4b-4e9a-9a5a-2299b203c95d"
          },
          "sensitive_attributes": [
            [
              {
                "type": "get_attr",
                "value": "primary_shared_key"
              }
            ],
            [
              {
                "type": "get_attr",
                "value": "secondary_shared_key"
              }
            ]
          ],
          "identity_schema_version": 0,
          "private": "eyJlMmJmYjczMC1lY2FhLTExZTYtOGY4OC0zNDM2M2JjN2M0YzAiOnsiY3JlYXRlIjoxODAwMDAwMDAwMDAwLCJkZWxldGUiOjE4MDAwMDAwMDAwMDAsInJlYWQiOjMwMDAwMDAwMDAwMCwidXBkYXRlIjoxODAwMDAwMDAwMDAwfSwic2NoZW1hX3ZlcnNpb24iOiIzIn0=",
          "dependencies": [
            "azurerm_resource_group.main"
          ]
        }
      ]
    },
    {
      "mode": "managed",
      "type": "azurerm_private_dns_zone",
      "name": "main",
      "provider": "provider[\"registry.terraform.io/hashicorp/azurerm\"]",
      "instances": [
        {
          "schema_version": 0,
          "attributes": {
            "id": "/subscriptions/ef0a94be-5750-4ef8-944b-1bbc0cdda800/resourceGroups/chi2zb1rsgopenfcdnscrit001/providers/Microsoft.Network/privateDnsZones/privatelink.brazilsouth.azmk8s.io",
            "max_number_of_record_sets": 25000,
            "max_number_of_virtual_network_links": 1000,
            "max_number_of_virtual_network_links_with_registration": 100,
            "name": "privatelink.brazilsouth.azmk8s.io",
            "number_of_record_sets": 1,
            "resource_group_name": "chi2zb1rsgopenfcdnscrit001",
            "soa_record": [
              {
                "email": "azureprivatedns-host.microsoft.com",
                "expire_time": 2419200,
                "fqdn": "privatelink.brazilsouth.azmk8s.io.",
                "host_name": "azureprivatedns.net",
                "minimum_ttl": 10,
                "refresh_time": 3600,
                "retry_time": 300,
                "serial_number": 1,
                "tags": {},
                "ttl": 3600
              }
            ],
            "tags": null,
            "timeouts": null
          },
          "sensitive_attributes": [],
          "identity_schema_version": 0,
          "private": "eyJlMmJmYjczMC1lY2FhLTExZTYtOGY4OC0zNDM2M2JjN2M0YzAiOnsiY3JlYXRlIjoxODAwMDAwMDAwMDAwLCJkZWxldGUiOjE4MDAwMDAwMDAwMDAsInJlYWQiOjMwMDAwMDAwMDAwMCwidXBkYXRlIjoxODAwMDAwMDAwMDAwfX0=",
          "dependencies": [
            "azurerm_resource_group.dns"
          ]
        }
      ]
    },
    {
      "mode": "managed",
      "type": "azurerm_resource_group",
      "name": "dns",
      "provider": "provider[\"registry.terraform.io/hashicorp/azurerm\"]",
      "instances": [
        {
          "schema_version": 0,
          "attributes": {
            "id": "/subscriptions/ef0a94be-5750-4ef8-944b-1bbc0cdda800/resourceGroups/chi2zb1rsgopenfcdnscrit001",
            "location": "brazilsouth",
            "managed_by": "",
            "name": "chi2zb1rsgopenfcdnscrit001",
            "tags": null,
            "timeouts": null
          },
          "sensitive_attributes": [],
          "identity_schema_version": 0,
          "private": "eyJlMmJmYjczMC1lY2FhLTExZTYtOGY4OC0zNDM2M2JjN2M0YzAiOnsiY3JlYXRlIjo1NDAwMDAwMDAwMDAwLCJkZWxldGUiOjU0MDAwMDAwMDAwMDAsInJlYWQiOjMwMDAwMDAwMDAwMCwidXBkYXRlIjo1NDAwMDAwMDAwMDAwfX0="
        }
      ]
    },
    {
      "mode": "managed",
      "type": "azurerm_resource_group",
      "name": "main",
      "provider": "provider[\"registry.terraform.io/hashicorp/azurerm\"]",
      "instances": [
        {
          "schema_version": 0,
          "attributes": {
            "id": "/subscriptions/ef0a94be-5750-4ef8-944b-1bbc0cdda800/resourceGroups/chi2zb1rsgopenfccrit001",
            "location": "brazilsouth",
            "managed_by": "",
            "name": "chi2zb1rsgopenfccrit001",
            "tags": null,
            "timeouts": null
          },
          "sensitive_attributes": [],
          "identity_schema_version": 0,
          "private": "eyJlMmJmYjczMC1lY2FhLTExZTYtOGY4OC0zNDM2M2JjN2M0YzAiOnsiY3JlYXRlIjo1NDAwMDAwMDAwMDAwLCJkZWxldGUiOjU0MDAwMDAwMDAwMDAsInJlYWQiOjMwMDAwMDAwMDAwMCwidXBkYXRlIjo1NDAwMDAwMDAwMDAwfX0="
        }
      ]
    },
    {
      "mode": "managed",
      "type": "azurerm_resource_group",
      "name": "network",
      "provider": "provider[\"registry.terraform.io/hashicorp/azurerm\"]",
      "instances": [
        {
          "schema_version": 0,
          "attributes": {
            "id": "/subscriptions/ef0a94be-5750-4ef8-944b-1bbc0cdda800/resourceGroups/chi2zb1rsgopenfcnetcrit001",
            "location": "brazilsouth",
            "managed_by": "",
            "name": "chi2zb1rsgopenfcnetcrit001",
            "tags": null,
            "timeouts": null
          },
          "sensitive_attributes": [],
          "identity_schema_version": 0,
          "private": "eyJlMmJmYjczMC1lY2FhLTExZTYtOGY4OC0zNDM2M2JjN2M0YzAiOnsiY3JlYXRlIjo1NDAwMDAwMDAwMDAwLCJkZWxldGUiOjU0MDAwMDAwMDAwMDAsInJlYWQiOjMwMDAwMDAwMDAwMCwidXBkYXRlIjo1NDAwMDAwMDAwMDAwfX0="
        }
      ]
    },
    {
      "mode": "managed",
      "type": "azurerm_subnet",
      "name": "aks",
      "provider": "provider[\"registry.terraform.io/hashicorp/azurerm\"]",
      "instances": [
        {
          "schema_version": 0,
          "attributes": {
            "address_prefixes": [
              "10.0.1.0/24"
            ],
            "delegation": [],
            "enforce_private_link_endpoint_network_policies": false,
            "enforce_private_link_service_network_policies": false,
            "id": "/subscriptions/ef0a94be-5750-4ef8-944b-1bbc0cdda800/resourceGroups/chi2zb1rsgopenfcnetcrit001/providers/Microsoft.Network/virtualNetworks/chi2zb1vntopenfccrit001/subnets/snet-chi2zb1aksopenfc",
            "name": "snet-chi2zb1aksopenfc",
            "private_endpoint_network_policies_enabled": true,
            "private_link_service_network_policies_enabled": true,
            "resource_group_name": "chi2zb1rsgopenfcnetcrit001",
            "service_endpoint_policy_ids": null,
            "service_endpoints": null,
            "timeouts": null,
            "virtual_network_name": "chi2zb1vntopenfccrit001"
          },
          "sensitive_attributes": [],
          "identity_schema_version": 0,
          "private": "eyJlMmJmYjczMC1lY2FhLTExZTYtOGY4OC0zNDM2M2JjN2M0YzAiOnsiY3JlYXRlIjoxODAwMDAwMDAwMDAwLCJkZWxldGUiOjE4MDAwMDAwMDAwMDAsInJlYWQiOjMwMDAwMDAwMDAwMCwidXBkYXRlIjoxODAwMDAwMDAwMDAwfX0=",
          "dependencies": [
            "azurerm_resource_group.network",
            "azurerm_virtual_network.main"
          ]
        }
      ]
    },
    {
      "mode": "managed",
      "type": "azurerm_virtual_network",
      "name": "main",
      "provider": "provider[\"registry.terraform.io/hashicorp/azurerm\"]",
      "instances": [
        {
          "schema_version": 0,
          "attributes": {
            "address_space": [
              "10.0.0.0/16"
            ],
            "bgp_community": "",
            "ddos_protection_plan": [],
            "dns_servers": [],
            "edge_zone": "",
            "encryption": [],
            "flow_timeout_in_minutes": 0,
            "guid": "c2fb7cfc-2d31-4c17-902b-cc8b15e90f4d",
            "id": "/subscriptions/ef0a94be-5750-4ef8-944b-1bbc0cdda800/resourceGroups/chi2zb1rsgopenfcnetcrit001/providers/Microsoft.Network/virtualNetworks/chi2zb1vntopenfccrit001",
            "location": "brazilsouth",
            "name": "chi2zb1vntopenfccrit001",
            "resource_group_name": "chi2zb1rsgopenfcnetcrit001",
            "subnet": [],
            "tags": null,
            "timeouts": null
          },
          "sensitive_attributes": [],
          "identity_schema_version": 0,
          "private": "eyJlMmJmYjczMC1lY2FhLTExZTYtOGY4OC0zNDM2M2JjN2M0YzAiOnsiY3JlYXRlIjoxODAwMDAwMDAwMDAwLCJkZWxldGUiOjE4MDAwMDAwMDAwMDAsInJlYWQiOjMwMDAwMDAwMDAwMCwidXBkYXRlIjoxODAwMDAwMDAwMDAwfX0=",
          "dependencies": [
            "azurerm_resource_group.network"
          ]
        }
      ]
    }
  ],
  "check_results": null
}
